
Microsoft Visual Studio Solution File, Format Version 12.00
# Visual Studio Version 16
VisualStudioVersion = 16.0.29409.12
MinimumVisualStudioVersion = 10.0.40219.1
Project("{FAE04EC0-301F-11D3-BF4B-00C04F79EFBC}") = "access", "access\access.csproj", "{9BD09F0E-F0BF-4C0D-9B3C-15413C01C99D}"
EndProject
Global
	GlobalSection(SolutionConfigurationPlatforms) = preSolution
		Debug|Any CPU = Debug|Any CPU
		Release|Any CPU = Release|Any CPU
	EndGlobalSection
	GlobalSection(ProjectConfigurationPlatforms) = postSolution
		{9BD09F0E-F0BF-4C0D-9B3C-15413C01C99D}.Debug|Any CPU.ActiveCfg = Debug|Any CPU
		{9BD09F0E-F0BF-4C0D-9B3C-15413C01C99D}.Debug|Any CPU.Build.0 = Debug|Any CPU
		{9BD09F0E-F0BF-4C0D-9B3C-15413C01C99D}.Release|Any CPU.ActiveCfg = Release|Any CPU
		{9BD09F0E-F0BF-4C0D-9B3C-15413C01C99D}.Release|Any CPU.Build.0 = Release|Any CPU
	EndGlobalSection
	GlobalSection(SolutionProperties) = preSolution
		HideSolutionNode = FALSE
	EndGlobalSection
	GlobalSection(ExtensibilityGlobals) = postSolution
		SolutionGuid = {24408ADF-C221-4302-BD1E-E214CACC3A30}
	EndGlobalSection
EndGlobal
